
Microsoft Visual Studio Solution File, Format Version 12.00
# Visual Studio Version 17
VisualStudioVersion = 17.6.33829.357
MinimumVisualStudioVersion = 10.0.40219.1
Project("{FAE04EC0-301F-11D3-BF4B-00C04F79EFBC}") = "bernardi.davide.4i.Stampante", "bernardi.davide.4i.Stampante.csproj", "{41A54522-EFE1-4F72-B2D2-B44EE9A2413E}"
EndProject
Global
	GlobalSection(SolutionConfigurationPlatforms) = preSolution
		Debug|Any CPU = Debug|Any CPU
		Release|Any CPU = Release|Any CPU
	EndGlobalSection
	GlobalSection(ProjectConfigurationPlatforms) = postSolution
		{41A54522-EFE1-4F72-B2D2-B44EE9A2413E}.Debug|Any CPU.ActiveCfg = Debug|Any CPU
		{41A54522-EFE1-4F72-B2D2-B44EE9A2413E}.Debug|Any CPU.Build.0 = Debug|Any CPU
		{41A54522-EFE1-4F72-B2D2-B44EE9A2413E}.Release|Any CPU.ActiveCfg = Release|Any CPU
		{41A54522-EFE1-4F72-B2D2-B44EE9A2413E}.Release|Any CPU.Build.0 = Release|Any CPU
	EndGlobalSection
	GlobalSection(SolutionProperties) = preSolution
		HideSolutionNode = FALSE
	EndGlobalSection
	GlobalSection(ExtensibilityGlobals) = postSolution
		SolutionGuid = {171D57B7-BD90-47EB-853E-46EED1551FBF}
	EndGlobalSection
EndGlobal
